// !$*UTF8*$!
{
	archiveVersion = 1;
	classes = {
	};
	objectVersion = 56;
	objects = {

/* Begin PBXBuildFile section */
		F421ACC32BA59A5C00FB5380 /* AppDelegate.swift in Sources */ = {isa = PBXBuildFile; fileRef = F421ACC22BA59A5C00FB5380 /* AppDelegate.swift */; };
		F421ACC52BA59A5C00FB5380 /* SceneDelegate.swift in Sources */ = {isa = PBXBuildFile; fileRef = F421ACC42BA59A5C00FB5380 /* SceneDelegate.swift */; };
		F421ACC72BA59A5C00FB5380 /* GridViewController.swift in Sources */ = {isa = PBXBuildFile; fileRef = F421ACC62BA59A5C00FB5380 /* GridViewController.swift */; };
		F421ACCC2BA59A5E00FB5380 /* Assets.xcassets in Resources */ = {isa = PBXBuildFile; fileRef = F421ACCB2BA59A5E00FB5380 /* Assets.xcassets */; };
		F421ACCF2BA59A5E00FB5380 /* LaunchScreen.storyboard in Resources */ = {isa = PBXBuildFile; fileRef = F421ACCD2BA59A5E00FB5380 /* LaunchScreen.storyboard */; };
		F421ACD82BA5A4CA00FB5380 /* SnapKit in Frameworks */ = {isa = PBXBuildFile; productRef = F421ACD72BA5A4CA00FB5380 /* SnapKit */; };
		F421ACDA2BA5A4CA00FB5380 /* SnapKit-Dynamic in Frameworks */ = {isa = PBXBuildFile; productRef = F421ACD92BA5A4CA00FB5380 /* SnapKit-Dynamic */; };
		F421ACDD2BA6EE9700FB5380 /* CustomFieldView.swift in Sources */ = {isa = PBXBuildFile; fileRef = F421ACDC2BA6EE9700FB5380 /* CustomFieldView.swift */; };
		F421ACDF2BA6F15C00FB5380 /* CustomActionView.swift in Sources */ = {isa = PBXBuildFile; fileRef = F421ACDE2BA6F15C00FB5380 /* CustomActionView.swift */; };
		F421ACE12BA6F25200FB5380 /* CustomVerticalStackView.swift in Sources */ = {isa = PBXBuildFile; fileRef = F421ACE02BA6F25200FB5380 /* CustomVerticalStackView.swift */; };
		F421ACE32BA7EBA400FB5380 /* GridViewModel.swift in Sources */ = {isa = PBXBuildFile; fileRef = F421ACE22BA7EBA400FB5380 /* GridViewModel.swift */; };
		F421ACE52BA7EE4D00FB5380 /* EntranceViewController.swift in Sources */ = {isa = PBXBuildFile; fileRef = F421ACE42BA7EE4D00FB5380 /* EntranceViewController.swift */; };
		F4D245C92BA9C18E001C629E /* Helper.swift in Sources */ = {isa = PBXBuildFile; fileRef = F4D245C82BA9C18E001C629E /* Helper.swift */; };
/* End PBXBuildFile section */

/* Begin PBXFileReference section */
		F421ACBF2BA59A5C00FB5380 /* InterviewHW.app */ = {isa = PBXFileReference; explicitFileType = wrapper.application; includeInIndex = 0; path = InterviewHW.app; sourceTree = BUILT_PRODUCTS_DIR; };
		F421ACC22BA59A5C00FB5380 /* AppDelegate.swift */ = {isa = PBXFileReference; lastKnownFileType = sourcecode.swift; path = AppDelegate.swift; sourceTree = "<group>"; };
		F421ACC42BA59A5C00FB5380 /* SceneDelegate.swift */ = {isa = PBXFileReference; lastKnownFileType = sourcecode.swift; path = SceneDelegate.swift; sourceTree = "<group>"; };
		F421ACC62BA59A5C00FB5380 /* GridViewController.swift */ = {isa = PBXFileReference; lastKnownFileType = sourcecode.swift; path = GridViewController.swift; sourceTree = "<group>"; };
		F421ACCB2BA59A5E00FB5380 /* Assets.xcassets */ = {isa = PBXFileReference; lastKnownFileType = folder.assetcatalog; path = Assets.xcassets; sourceTree = "<group>"; };
		F421ACCE2BA59A5E00FB5380 /* Base */ = {isa = PBXFileReference; lastKnownFileType = file.storyboard; name = Base; path = Base.lproj/LaunchScreen.storyboard; sourceTree = "<group>"; };
		F421ACD02BA59A5E00FB5380 /* Info.plist */ = {isa = PBXFileReference; lastKnownFileType = text.plist.xml; path = Info.plist; sourceTree = "<group>"; };
		F421ACDC2BA6EE9700FB5380 /* CustomFieldView.swift */ = {isa = PBXFileReference; lastKnownFileType = sourcecode.swift; path = CustomFieldView.swift; sourceTree = "<group>"; };
		F421ACDE2BA6F15C00FB5380 /* CustomActionView.swift */ = {isa = PBXFileReference; lastKnownFileType = sourcecode.swift; path = CustomActionView.swift; sourceTree = "<group>"; };
		F421ACE02BA6F25200FB5380 /* CustomVerticalStackView.swift */ = {isa = PBXFileReference; lastKnownFileType = sourcecode.swift; path = CustomVerticalStackView.swift; sourceTree = "<group>"; };
		F421ACE22BA7EBA400FB5380 /* GridViewModel.swift */ = {isa = PBXFileReference; lastKnownFileType = sourcecode.swift; path = GridViewModel.swift; sourceTree = "<group>"; };
		F421ACE42BA7EE4D00FB5380 /* EntranceViewController.swift */ = {isa = PBXFileReference; lastKnownFileType = sourcecode.swift; path = EntranceViewController.swift; sourceTree = "<group>"; };
		F4D245C82BA9C18E001C629E /* Helper.swift */ = {isa = PBXFileReference; lastKnownFileType = sourcecode.swift; path = Helper.swift; sourceTree = "<group>"; };
/* End PBXFileReference section */

/* Begin PBXFrameworksBuildPhase section */
		F421ACBC2BA59A5C00FB5380 /* Frameworks */ = {
			isa = PBXFrameworksBuildPhase;
			buildActionMask = 2147483647;
			files = (
				F421ACD82BA5A4CA00FB5380 /* SnapKit in Frameworks */,
				F421ACDA2BA5A4CA00FB5380 /* SnapKit-Dynamic in Frameworks */,
			);
			runOnlyForDeploymentPostprocessing = 0;
		};
/* End PBXFrameworksBuildPhase section */

/* Begin PBXGroup section */
		F421ACB62BA59A5C00FB5380 = {
			isa = PBXGroup;
			children = (
				F421ACC12BA59A5C00FB5380 /* InterviewHW */,
				F421ACC02BA59A5C00FB5380 /* Products */,
			);
			sourceTree = "<group>";
		};
		F421ACC02BA59A5C00FB5380 /* Products */ = {
			isa = PBXGroup;
			children = (
				F421ACBF2BA59A5C00FB5380 /* InterviewHW.app */,
			);
			name = Products;
			sourceTree = "<group>";
		};
		F421ACC12BA59A5C00FB5380 /* InterviewHW */ = {
			isa = PBXGroup;
			children = (
				F421ACC22BA59A5C00FB5380 /* AppDelegate.swift */,
				F421ACC42BA59A5C00FB5380 /* SceneDelegate.swift */,
				F421ACE42BA7EE4D00FB5380 /* EntranceViewController.swift */,
				F421ACC62BA59A5C00FB5380 /* GridViewController.swift */,
				F421ACE22BA7EBA400FB5380 /* GridViewModel.swift */,
				F4D245C72BA9C174001C629E /* Helper */,
				F421ACDB2BA6EDD900FB5380 /* CustomViews */,
				F421ACCB2BA59A5E00FB5380 /* Assets.xcassets */,
				F421ACCD2BA59A5E00FB5380 /* LaunchScreen.storyboard */,
				F421ACD02BA59A5E00FB5380 /* Info.plist */,
			);
			path = InterviewHW;
			sourceTree = "<group>";
		};
		F421ACDB2BA6EDD900FB5380 /* CustomViews */ = {
			isa = PBXGroup;
			children = (
				F421ACDC2BA6EE9700FB5380 /* CustomFieldView.swift */,
				F421ACDE2BA6F15C00FB5380 /* CustomActionView.swift */,
				F421ACE02BA6F25200FB5380 /* CustomVerticalStackView.swift */,
			);
			path = CustomViews;
			sourceTree = "<group>";
		};
		F4D245C72BA9C174001C629E /* Helper */ = {
			isa = PBXGroup;
			children = (
				F4D245C82BA9C18E001C629E /* Helper.swift */,
			);
			path = Helper;
			sourceTree = "<group>";
		};
/* End PBXGroup section */

/* Begin PBXNativeTarget section */
		F421ACBE2BA59A5C00FB5380 /* InterviewHW */ = {
			isa = PBXNativeTarget;
			buildConfigurationList = F421ACD32BA59A5E00FB5380 /* Build configuration list for PBXNativeTarget "InterviewHW" */;
			buildPhases = (
				F421ACBB2BA59A5C00FB5380 /* Sources */,
				F421ACBC2BA59A5C00FB5380 /* Frameworks */,
				F421ACBD2BA59A5C00FB5380 /* Resources */,
			);
			buildRules = (
			);
			dependencies = (
			);
			name = InterviewHW;
			packageProductDependencies = (
				F421ACD72BA5A4CA00FB5380 /* SnapKit */,
				F421ACD92BA5A4CA00FB5380 /* SnapKit-Dynamic */,
			);
			productName = InterviewHW;
			productReference = F421ACBF2BA59A5C00FB5380 /* InterviewHW.app */;
			productType = "com.apple.product-type.application";
		};
/* End PBXNativeTarget section */

/* Begin PBXProject section */
		F421ACB72BA59A5C00FB5380 /* Project object */ = {
			isa = PBXProject;
			attributes = {
				BuildIndependentTargetsInParallel = 1;
				LastSwiftUpdateCheck = 1520;
				LastUpgradeCheck = 1520;
				TargetAttributes = {
					F421ACBE2BA59A5C00FB5380 = {
						CreatedOnToolsVersion = 15.2;
					};
				};
			};
			buildConfigurationList = F421ACBA2BA59A5C00FB5380 /* Build configuration list for PBXProject "InterviewHW" */;
			compatibilityVersion = "Xcode 14.0";
			developmentRegion = en;
			hasScannedForEncodings = 0;
			knownRegions = (
				en,
				Base,
			);
			mainGroup = F421ACB62BA59A5C00FB5380;
			packageReferences = (
				F421ACD62BA5A4CA00FB5380 /* XCRemoteSwiftPackageReference "SnapKit" */,
			);
			productRefGroup = F421ACC02BA59A5C00FB5380 /* Products */;
			projectDirPath = "";
			projectRoot = "";
			targets = (
				F421ACBE2BA59A5C00FB5380 /* InterviewHW */,
			);
		};
/* End PBXProject section */

/* Begin PBXResourcesBuildPhase section */
		F421ACBD2BA59A5C00FB5380 /* Resources */ = {
			isa = PBXResourcesBuildPhase;
			buildActionMask = 2147483647;
			files = (
				F421ACCF2BA59A5E00FB5380 /* LaunchScreen.storyboard in Resources */,
				F421ACCC2BA59A5E00FB5380 /* Assets.xcassets in Resources */,
			);
			runOnlyForDeploymentPostprocessing = 0;
		};
/* End PBXResourcesBuildPhase section */

/* Begin PBXSourcesBuildPhase section */
		F421ACBB2BA59A5C00FB5380 /* Sources */ = {
			isa = PBXSourcesBuildPhase;
			buildActionMask = 2147483647;
			files = (
				F421ACC72BA59A5C00FB5380 /* GridViewController.swift in Sources */,
				F421ACDF2BA6F15C00FB5380 /* CustomActionView.swift in Sources */,
				F421ACC32BA59A5C00FB5380 /* AppDelegate.swift in Sources */,
				F421ACDD2BA6EE9700FB5380 /* CustomFieldView.swift in Sources */,
				F4D245C92BA9C18E001C629E /* Helper.swift in Sources */,
				F421ACE12BA6F25200FB5380 /* CustomVerticalStackView.swift in Sources */,
				F421ACC52BA59A5C00FB5380 /* SceneDelegate.swift in Sources */,
				F421ACE52BA7EE4D00FB5380 /* EntranceViewController.swift in Sources */,
				F421ACE32BA7EBA400FB5380 /* GridViewModel.swift in Sources */,
			);
			runOnlyForDeploymentPostprocessing = 0;
		};
/* End PBXSourcesBuildPhase section */

/* Begin PBXVariantGroup section */
		F421ACCD2BA59A5E00FB5380 /* LaunchScreen.storyboard */ = {
			isa = PBXVariantGroup;
			children = (
				F421ACCE2BA59A5E00FB5380 /* Base */,
			);
			name = LaunchScreen.storyboard;
			sourceTree = "<group>";
		};
/* End PBXVariantGroup section */

/* Begin XCBuildConfiguration section */
		F421ACD12BA59A5E00FB5380 /* Debug */ = {
			isa = XCBuildConfiguration;
			buildSettings = {
				ALWAYS_SEARCH_USER_PATHS = NO;
				ASSETCATALOG_COMPILER_GENERATE_SWIFT_ASSET_SYMBOL_EXTENSIONS = YES;
				CLANG_ANALYZER_NONNULL = YES;
				CLANG_ANALYZER_NUMBER_OBJECT_CONVERSION = YES_AGGRESSIVE;
				CLANG_CXX_LANGUAGE_STANDARD = "gnu++20";
				CLANG_ENABLE_MODULES = YES;
				CLANG_ENABLE_OBJC_ARC = YES;
				CLANG_ENABLE_OBJC_WEAK = YES;
				CLANG_WARN_BLOCK_CAPTURE_AUTORELEASING = YES;
				CLANG_WARN_BOOL_CONVERSION = YES;
				CLANG_WARN_COMMA = YES;
				CLANG_WARN_CONSTANT_CONVERSION = YES;
				CLANG_WARN_DEPRECATED_OBJC_IMPLEMENTATIONS = YES;
				CLANG_WARN_DIRECT_OBJC_ISA_USAGE = YES_ERROR;
				CLANG_WARN_DOCUMENTATION_COMMENTS = YES;
				CLANG_WARN_EMPTY_BODY = YES;
				CLANG_WARN_ENUM_CONVERSION = YES;
				CLANG_WARN_INFINITE_RECURSION = YES;
				CLANG_WARN_INT_CONVERSION = YES;
				CLANG_WARN_NON_LITERAL_NULL_CONVERSION = YES;
				CLANG_WARN_OBJC_IMPLICIT_RETAIN_SELF = YES;
				CLANG_WARN_OBJC_LITERAL_CONVERSION = YES;
				CLANG_WARN_OBJC_ROOT_CLASS = YES_ERROR;
				CLANG_WARN_QUOTED_INCLUDE_IN_FRAMEWORK_HEADER = YES;
				CLANG_WARN_RANGE_LOOP_ANALYSIS = YES;
				CLANG_WARN_STRICT_PROTOTYPES = YES;
				CLANG_WARN_SUSPICIOUS_MOVE = YES;
				CLANG_WARN_UNGUARDED_AVAILABILITY = YES_AGGRESSIVE;
				CLANG_WARN_UNREACHABLE_CODE = YES;
				CLANG_WARN__DUPLICATE_METHOD_MATCH = YES;
				COPY_PHASE_STRIP = NO;
				DEBUG_INFORMATION_FORMAT = dwarf;
				ENABLE_STRICT_OBJC_MSGSEND = YES;
				ENABLE_TESTABILITY = YES;
				ENABLE_USER_SCRIPT_SANDBOXING = YES;
				GCC_C_LANGUAGE_STANDARD = gnu17;
				GCC_DYNAMIC_NO_PIC = NO;
				GCC_NO_COMMON_BLOCKS = YES;
				GCC_OPTIMIZATION_LEVEL = 0;
				GCC_PREPROCESSOR_DEFINITIONS = (
					"DEBUG=1",
					"$(inherited)",
				);
				GCC_WARN_64_TO_32_BIT_CONVERSION = YES;
				GCC_WARN_ABOUT_RETURN_TYPE = YES_ERROR;
				GCC_WARN_UNDECLARED_SELECTOR = YES;
				GCC_WARN_UNINITIALIZED_AUTOS = YES_AGGRESSIVE;
				GCC_WARN_UNUSED_FUNCTION = YES;
				GCC_WARN_UNUSED_VARIABLE = YES;
				IPHONEOS_DEPLOYMENT_TARGET = 17.2;
				LOCALIZATION_PREFERS_STRING_CATALOGS = YES;
				MTL_ENABLE_DEBUG_INFO = INCLUDE_SOURCE;
				MTL_FAST_MATH = YES;
				ONLY_ACTIVE_ARCH = YES;
				SDKROOT = iphoneos;
				SWIFT_ACTIVE_COMPILATION_CONDITIONS = "DEBUG $(inherited)";
				SWIFT_OPTIMIZATION_LEVEL = "-Onone";
			};
			name = Debug;
		};
		F421ACD22BA59A5E00FB5380 /* Release */ = {
			isa = XCBuildConfiguration;
			buildSettings = {
				ALWAYS_SEARCH_USER_PATHS = NO;
				ASSETCATALOG_COMPILER_GENERATE_SWIFT_ASSET_SYMBOL_EXTENSIONS = YES;
				CLANG_ANALYZER_NONNULL = YES;
				CLANG_ANALYZER_NUMBER_OBJECT_CONVERSION = YES_AGGRESSIVE;
				CLANG_CXX_LANGUAGE_STANDARD = "gnu++20";
				CLANG_ENABLE_MODULES = YES;
				CLANG_ENABLE_OBJC_ARC = YES;
				CLANG_ENABLE_OBJC_WEAK = YES;
				CLANG_WARN_BLOCK_CAPTURE_AUTORELEASING = YES;
				CLANG_WARN_BOOL_CONVERSION = YES;
				CLANG_WARN_COMMA = YES;
				CLANG_WARN_CONSTANT_CONVERSION = YES;
				CLANG_WARN_DEPRECATED_OBJC_IMPLEMENTATIONS = YES;
				CLANG_WARN_DIRECT_OBJC_ISA_USAGE = YES_ERROR;
				CLANG_WARN_DOCUMENTATION_COMMENTS = YES;
				CLANG_WARN_EMPTY_BODY = YES;
				CLANG_WARN_ENUM_CONVERSION = YES;
				CLANG_WARN_INFINITE_RECURSION = YES;
				CLANG_WARN_INT_CONVERSION = YES;
				CLANG_WARN_NON_LITERAL_NULL_CONVERSION = YES;
				CLANG_WARN_OBJC_IMPLICIT_RETAIN_SELF = YES;
				CLANG_WARN_OBJC_LITERAL_CONVERSION = YES;
				CLANG_WARN_OBJC_ROOT_CLASS = YES_ERROR;
				CLANG_WARN_QUOTED_INCLUDE_IN_FRAMEWORK_HEADER = YES;
				CLANG_WARN_RANGE_LOOP_ANALYSIS = YES;
				CLANG_WARN_STRICT_PROTOTYPES = YES;
				CLANG_WARN_SUSPICIOUS_MOVE = YES;
				CLANG_WARN_UNGUARDED_AVAILABILITY = YES_AGGRESSIVE;
				CLANG_WARN_UNREACHABLE_CODE = YES;
				CLANG_WARN__DUPLICATE_METHOD_MATCH = YES;
				COPY_PHASE_STRIP = NO;
				DEBUG_INFORMATION_FORMAT = "dwarf-with-dsym";
				ENABLE_NS_ASSERTIONS = NO;
				ENABLE_STRICT_OBJC_MSGSEND = YES;
				ENABLE_USER_SCRIPT_SANDBOXING = YES;
				GCC_C_LANGUAGE_STANDARD = gnu17;
				GCC_NO_COMMON_BLOCKS = YES;
				GCC_WARN_64_TO_32_BIT_CONVERSION = YES;
				GCC_WARN_ABOUT_RETURN_TYPE = YES_ERROR;
				GCC_WARN_UNDECLARED_SELECTOR = YES;
				GCC_WARN_UNINITIALIZED_AUTOS = YES_AGGRESSIVE;
				GCC_WARN_UNUSED_FUNCTION = YES;
				GCC_WARN_UNUSED_VARIABLE = YES;
				IPHONEOS_DEPLOYMENT_TARGET = 17.2;
				LOCALIZATION_PREFERS_STRING_CATALOGS = YES;
				MTL_ENABLE_DEBUG_INFO = NO;
				MTL_FAST_MATH = YES;
				SDKROOT = iphoneos;
				SWIFT_COMPILATION_MODE = wholemodule;
				VALIDATE_PRODUCT = YES;
			};
			name = Release;
		};
		F421ACD42BA59A5E00FB5380 /* Debug */ = {
			isa = XCBuildConfiguration;
			buildSettings = {
				ASSETCATALOG_COMPILER_APPICON_NAME = AppIcon;
				ASSETCATALOG_COMPILER_GLOBAL_ACCENT_COLOR_NAME = AccentColor;
				CODE_SIGN_STYLE = Automatic;
				CURRENT_PROJECT_VERSION = 1;
				DEVELOPMENT_TEAM = HA9F856YHB;
				GENERATE_INFOPLIST_FILE = YES;
				INFOPLIST_FILE = InterviewHW/Info.plist;
				INFOPLIST_KEY_UIApplicationSupportsIndirectInputEvents = YES;
				INFOPLIST_KEY_UILaunchStoryboardName = LaunchScreen;
				INFOPLIST_KEY_UISupportedInterfaceOrientations_iPad = "UIInterfaceOrientationPortrait UIInterfaceOrientationPortraitUpsideDown UIInterfaceOrientationLandscapeLeft UIInterfaceOrientationLandscapeRight";
				INFOPLIST_KEY_UISupportedInterfaceOrientations_iPhone = "UIInterfaceOrientationPortrait UIInterfaceOrientationLandscapeLeft UIInterfaceOrientationLandscapeRight";
				IPHONEOS_DEPLOYMENT_TARGET = 12.0;
				LD_RUNPATH_SEARCH_PATHS = (
					"$(inherited)",
					"@executable_path/Frameworks",
				);
				MARKETING_VERSION = 1.0;
				PRODUCT_BUNDLE_IDENTIFIER = "com.wei-tusng.InterviewHW";
				PRODUCT_NAME = "$(TARGET_NAME)";
				SWIFT_EMIT_LOC_STRINGS = YES;
				SWIFT_VERSION = 5.0;
				TARGETED_DEVICE_FAMILY = "1,2";
			};
			name = Debug;
		};
		F421ACD52BA59A5E00FB5380 /* Release */ = {
			isa = XCBuildConfiguration;
			buildSettings = {
				ASSETCATALOG_COMPILER_APPICON_NAME = AppIcon;
				ASSETCATALOG_COMPILER_GLOBAL_ACCENT_COLOR_NAME = AccentColor;
				CODE_SIGN_STYLE = Automatic;
				CURRENT_PROJECT_VERSION = 1;
				DEVELOPMENT_TEAM = HA9F856YHB;
				GENERATE_INFOPLIST_FILE = YES;
				INFOPLIST_FILE = InterviewHW/Info.plist;
				INFOPLIST_KEY_UIApplicationSupportsIndirectInputEvents = YES;
				INFOPLIST_KEY_UILaunchStoryboardName = LaunchScreen;
				INFOPLIST_KEY_UISupportedInterfaceOrientations_iPad = "UIInterfaceOrientationPortrait UIInterfaceOrientationPortraitUpsideDown UIInterfaceOrientationLandscapeLeft UIInterfaceOrientationLandscapeRight";
				INFOPLIST_KEY_UISupportedInterfaceOrientations_iPhone = "UIInterfaceOrientationPortrait UIInterfaceOrientationLandscapeLeft UIInterfaceOrientationLandscapeRight";
				IPHONEOS_DEPLOYMENT_TARGET = 12.0;
				LD_RUNPATH_SEARCH_PATHS = (
					"$(inherited)",
					"@executable_path/Frameworks",
				);
				MARKETING_VERSION = 1.0;
				PRODUCT_BUNDLE_IDENTIFIER = "com.wei-tusng.InterviewHW";
				PRODUCT_NAME = "$(TARGET_NAME)";
				SWIFT_EMIT_LOC_STRINGS = YES;
				SWIFT_VERSION = 5.0;
				TARGETED_DEVICE_FAMILY = "1,2";
			};
			name = Release;
		};
/* End XCBuildConfiguration section */

/* Begin XCConfigurationList section */
		F421ACBA2BA59A5C00FB5380 /* Build configuration list for PBXProject "InterviewHW" */ = {
			isa = XCConfigurationList;
			buildConfigurations = (
				F421ACD12BA59A5E00FB5380 /* Debug */,
				F421ACD22BA59A5E00FB5380 /* Release */,
			);
			defaultConfigurationIsVisible = 0;
			defaultConfigurationName = Release;
		};
		F421ACD32BA59A5E00FB5380 /* Build configuration list for PBXNativeTarget "InterviewHW" */ = {
			isa = XCConfigurationList;
			buildConfigurations = (
				F421ACD42BA59A5E00FB5380 /* Debug */,
				F421ACD52BA59A5E00FB5380 /* Release */,
			);
			defaultConfigurationIsVisible = 0;
			defaultConfigurationName = Release;
		};
/* End XCConfigurationList section */

/* Begin XCRemoteSwiftPackageReference section */
		F421ACD62BA5A4CA00FB5380 /* XCRemoteSwiftPackageReference "SnapKit" */ = {
			isa = XCRemoteSwiftPackageReference;
			repositoryURL = "https://github.com/SnapKit/SnapKit.git";
			requirement = {
				kind = upToNextMajorVersion;
				minimumVersion = 5.7.1;
			};
		};
/* End XCRemoteSwiftPackageReference section */

/* Begin XCSwiftPackageProductDependency section */
		F421ACD72BA5A4CA00FB5380 /* SnapKit */ = {
			isa = XCSwiftPackageProductDependency;
			package = F421ACD62BA5A4CA00FB5380 /* XCRemoteSwiftPackageReference "SnapKit" */;
			productName = SnapKit;
		};
		F421ACD92BA5A4CA00FB5380 /* SnapKit-Dynamic */ = {
			isa = XCSwiftPackageProductDependency;
			package = F421ACD62BA5A4CA00FB5380 /* XCRemoteSwiftPackageReference "SnapKit" */;
			productName = "SnapKit-Dynamic";
		};
/* End XCSwiftPackageProductDependency section */
	};
	rootObject = F421ACB72BA59A5C00FB5380 /* Project object */;
}
